// !$*UTF8*$!
{
	archiveVersion = 1;
	classes = {
	};
	objectVersion = 46;
	objects = {

/* Begin PBXBuildFile section */
		2C3873CC1D594E5500524586 /* AppDelegate.swift in Sources */ = {isa = PBXBuildFile; fileRef = 2C3873CB1D594E5500524586 /* AppDelegate.swift */; };
		2C3873D11D594E5500524586 /* Main.storyboard in Resources */ = {isa = PBXBuildFile; fileRef = 2C3873CF1D594E5500524586 /* Main.storyboard */; };
		2C3873D31D594E5500524586 /* Assets.xcassets in Resources */ = {isa = PBXBuildFile; fileRef = 2C3873D21D594E5500524586 /* Assets.xcassets */; };
		2C3873D61D594E5500524586 /* LaunchScreen.storyboard in Resources */ = {isa = PBXBuildFile; fileRef = 2C3873D41D594E5500524586 /* LaunchScreen.storyboard */; };
		2C3873E11D594E5500524586 /* IlegraTestTests.swift in Sources */ = {isa = PBXBuildFile; fileRef = 2C3873E01D594E5500524586 /* IlegraTestTests.swift */; };
		2C3873EC1D594E5500524586 /* IlegraTestUITests.swift in Sources */ = {isa = PBXBuildFile; fileRef = 2C3873EB1D594E5500524586 /* IlegraTestUITests.swift */; };
		2C3873FE1D594FB300524586 /* libsqlite3.0.tbd in Frameworks */ = {isa = PBXBuildFile; fileRef = 2C3873FC1D594FB300524586 /* libsqlite3.0.tbd */; };
		2C3873FF1D594FB300524586 /* libsqlite3.tbd in Frameworks */ = {isa = PBXBuildFile; fileRef = 2C3873FD1D594FB300524586 /* libsqlite3.tbd */; };
		2C3874031D59508800524586 /* DBManager.m in Sources */ = {isa = PBXBuildFile; fileRef = 2C3874021D59508800524586 /* DBManager.m */; };
		2C3874081D59566A00524586 /* TeamsTableViewController.swift in Sources */ = {isa = PBXBuildFile; fileRef = 2C3874071D59566A00524586 /* TeamsTableViewController.swift */; };
		2C38740B1D59594800524586 /* TeamsTableViewCell.swift in Sources */ = {isa = PBXBuildFile; fileRef = 2C38740A1D59594800524586 /* TeamsTableViewCell.swift */; };
		2C38740E1D5965C400524586 /* TeamsDAO.swift in Sources */ = {isa = PBXBuildFile; fileRef = 2C38740D1D5965C400524586 /* TeamsDAO.swift */; };
		2C3874101D59662100524586 /* Team.swift in Sources */ = {isa = PBXBuildFile; fileRef = 2C38740F1D59662100524586 /* Team.swift */; };
		2C3874131D596EE400524586 /* PlayerDAO.swift in Sources */ = {isa = PBXBuildFile; fileRef = 2C3874121D596EE400524586 /* PlayerDAO.swift */; };
		2C3874151D596F2F00524586 /* Player.swift in Sources */ = {isa = PBXBuildFile; fileRef = 2C3874141D596F2F00524586 /* Player.swift */; };
		2C3874171D596FDA00524586 /* Supporter.swift in Sources */ = {isa = PBXBuildFile; fileRef = 2C3874161D596FDA00524586 /* Supporter.swift */; };
		2C3874191D597B5200524586 /* SupporterDAO.swift in Sources */ = {isa = PBXBuildFile; fileRef = 2C3874181D597B5200524586 /* SupporterDAO.swift */; };
		2C38741B1D597DAC00524586 /* PlayersTableViewController.swift in Sources */ = {isa = PBXBuildFile; fileRef = 2C38741A1D597DAC00524586 /* PlayersTableViewController.swift */; };
		2C38741E1D5A09A000524586 /* test.sql in Resources */ = {isa = PBXBuildFile; fileRef = 2C38741D1D5A09A000524586 /* test.sql */; };
		2C3874201D5A115600524586 /* DBInitializer.swift in Sources */ = {isa = PBXBuildFile; fileRef = 2C38741F1D5A115600524586 /* DBInitializer.swift */; };
		2C3874221D5A230D00524586 /* PlayerTableViewCell.swift in Sources */ = {isa = PBXBuildFile; fileRef = 2C3874211D5A230D00524586 /* PlayerTableViewCell.swift */; };
		2C3874241D5A4E8500524586 /* QueryStatus.swift in Sources */ = {isa = PBXBuildFile; fileRef = 2C3874231D5A4E8500524586 /* QueryStatus.swift */; };
/* End PBXBuildFile section */

/* Begin PBXContainerItemProxy section */
		2C3873DD1D594E5500524586 /* PBXContainerItemProxy */ = {
			isa = PBXContainerItemProxy;
			containerPortal = 2C3873C01D594E5500524586 /* Project object */;
			proxyType = 1;
			remoteGlobalIDString = 2C3873C71D594E5500524586;
			remoteInfo = IlegraTest;
		};
		2C3873E81D594E5500524586 /* PBXContainerItemProxy */ = {
			isa = PBXContainerItemProxy;
			containerPortal = 2C3873C01D594E5500524586 /* Project object */;
			proxyType = 1;
			remoteGlobalIDString = 2C3873C71D594E5500524586;
			remoteInfo = IlegraTest;
		};
/* End PBXContainerItemProxy section */

/* Begin PBXFileReference section */
		2C3873C81D594E5500524586 /* IlegraTest.app */ = {isa = PBXFileReference; explicitFileType = wrapper.application; includeInIndex = 0; path = IlegraTest.app; sourceTree = BUILT_PRODUCTS_DIR; };
		2C3873CB1D594E5500524586 /* AppDelegate.swift */ = {isa = PBXFileReference; lastKnownFileType = sourcecode.swift; path = AppDelegate.swift; sourceTree = "<group>"; };
		2C3873D01D594E5500524586 /* Base */ = {isa = PBXFileReference; lastKnownFileType = file.storyboard; name = Base; path = Base.lproj/Main.storyboard; sourceTree = "<group>"; };
		2C3873D21D594E5500524586 /* Assets.xcassets */ = {isa = PBXFileReference; lastKnownFileType = folder.assetcatalog; path = Assets.xcassets; sourceTree = "<group>"; };
		2C3873D51D594E5500524586 /* Base */ = {isa = PBXFileReference; lastKnownFileType = file.storyboard; name = Base; path = Base.lproj/LaunchScreen.storyboard; sourceTree = "<group>"; };
		2C3873D71D594E5500524586 /* Info.plist */ = {isa = PBXFileReference; lastKnownFileType = text.plist.xml; path = Info.plist; sourceTree = "<group>"; };
		2C3873DC1D594E5500524586 /* IlegraTestTests.xctest */ = {isa = PBXFileReference; explicitFileType = wrapper.cfbundle; includeInIndex = 0; path = IlegraTestTests.xctest; sourceTree = BUILT_PRODUCTS_DIR; };
		2C3873E01D594E5500524586 /* IlegraTestTests.swift */ = {isa = PBXFileReference; lastKnownFileType = sourcecode.swift; path = IlegraTestTests.swift; sourceTree = "<group>"; };
		2C3873E21D594E5500524586 /* Info.plist */ = {isa = PBXFileReference; lastKnownFileType = text.plist.xml; path = Info.plist; sourceTree = "<group>"; };
		2C3873E71D594E5500524586 /* IlegraTestUITests.xctest */ = {isa = PBXFileReference; explicitFileType = wrapper.cfbundle; includeInIndex = 0; path = IlegraTestUITests.xctest; sourceTree = BUILT_PRODUCTS_DIR; };
		2C3873EB1D594E5500524586 /* IlegraTestUITests.swift */ = {isa = PBXFileReference; lastKnownFileType = sourcecode.swift; path = IlegraTestUITests.swift; sourceTree = "<group>"; };
		2C3873ED1D594E5500524586 /* Info.plist */ = {isa = PBXFileReference; lastKnownFileType = text.plist.xml; path = Info.plist; sourceTree = "<group>"; };
		2C3873FC1D594FB300524586 /* libsqlite3.0.tbd */ = {isa = PBXFileReference; lastKnownFileType = "sourcecode.text-based-dylib-definition"; name = libsqlite3.0.tbd; path = usr/lib/libsqlite3.0.tbd; sourceTree = SDKROOT; };
		2C3873FD1D594FB300524586 /* libsqlite3.tbd */ = {isa = PBXFileReference; lastKnownFileType = "sourcecode.text-based-dylib-definition"; name = libsqlite3.tbd; path = usr/lib/libsqlite3.tbd; sourceTree = SDKROOT; };
		2C3874001D59508700524586 /* IlegraTest-Bridging-Header.h */ = {isa = PBXFileReference; lastKnownFileType = sourcecode.c.h; path = "IlegraTest-Bridging-Header.h"; sourceTree = "<group>"; };
		2C3874011D59508800524586 /* DBManager.h */ = {isa = PBXFileReference; fileEncoding = 4; lastKnownFileType = sourcecode.c.h; path = DBManager.h; sourceTree = "<group>"; };
		2C3874021D59508800524586 /* DBManager.m */ = {isa = PBXFileReference; fileEncoding = 4; lastKnownFileType = sourcecode.c.objc; path = DBManager.m; sourceTree = "<group>"; };
		2C3874071D59566A00524586 /* TeamsTableViewController.swift */ = {isa = PBXFileReference; fileEncoding = 4; lastKnownFileType = sourcecode.swift; path = TeamsTableViewController.swift; sourceTree = "<group>"; };
		2C38740A1D59594800524586 /* TeamsTableViewCell.swift */ = {isa = PBXFileReference; fileEncoding = 4; lastKnownFileType = sourcecode.swift; path = TeamsTableViewCell.swift; sourceTree = "<group>"; };
		2C38740D1D5965C400524586 /* TeamsDAO.swift */ = {isa = PBXFileReference; fileEncoding = 4; lastKnownFileType = sourcecode.swift; path = TeamsDAO.swift; sourceTree = "<group>"; };
		2C38740F1D59662100524586 /* Team.swift */ = {isa = PBXFileReference; fileEncoding = 4; lastKnownFileType = sourcecode.swift; path = Team.swift; sourceTree = "<group>"; };
		2C3874121D596EE400524586 /* PlayerDAO.swift */ = {isa = PBXFileReference; fileEncoding = 4; lastKnownFileType = sourcecode.swift; path = PlayerDAO.swift; sourceTree = "<group>"; };
		2C3874141D596F2F00524586 /* Player.swift */ = {isa = PBXFileReference; fileEncoding = 4; lastKnownFileType = sourcecode.swift; path = Player.swift; sourceTree = "<group>"; };
		2C3874161D596FDA00524586 /* Supporter.swift */ = {isa = PBXFileReference; fileEncoding = 4; lastKnownFileType = sourcecode.swift; path = Supporter.swift; sourceTree = "<group>"; };
		2C3874181D597B5200524586 /* SupporterDAO.swift */ = {isa = PBXFileReference; fileEncoding = 4; lastKnownFileType = sourcecode.swift; path = SupporterDAO.swift; sourceTree = "<group>"; };
		2C38741A1D597DAC00524586 /* PlayersTableViewController.swift */ = {isa = PBXFileReference; fileEncoding = 4; lastKnownFileType = sourcecode.swift; path = PlayersTableViewController.swift; sourceTree = "<group>"; };
		2C38741D1D5A09A000524586 /* test.sql */ = {isa = PBXFileReference; lastKnownFileType = file; path = test.sql; sourceTree = "<group>"; };
		2C38741F1D5A115600524586 /* DBInitializer.swift */ = {isa = PBXFileReference; fileEncoding = 4; lastKnownFileType = sourcecode.swift; path = DBInitializer.swift; sourceTree = "<group>"; };
		2C3874211D5A230D00524586 /* PlayerTableViewCell.swift */ = {isa = PBXFileReference; fileEncoding = 4; lastKnownFileType = sourcecode.swift; path = PlayerTableViewCell.swift; sourceTree = "<group>"; };
		2C3874231D5A4E8500524586 /* QueryStatus.swift */ = {isa = PBXFileReference; fileEncoding = 4; lastKnownFileType = sourcecode.swift; path = QueryStatus.swift; sourceTree = "<group>"; };
/* End PBXFileReference section */

/* Begin PBXFrameworksBuildPhase section */
		2C3873C51D594E5500524586 /* Frameworks */ = {
			isa = PBXFrameworksBuildPhase;
			buildActionMask = 2147483647;
			files = (
				2C3873FE1D594FB300524586 /* libsqlite3.0.tbd in Frameworks */,
				2C3873FF1D594FB300524586 /* libsqlite3.tbd in Frameworks */,
			);
			runOnlyForDeploymentPostprocessing = 0;
		};
		2C3873D91D594E5500524586 /* Frameworks */ = {
			isa = PBXFrameworksBuildPhase;
			buildActionMask = 2147483647;
			files = (
			);
			runOnlyForDeploymentPostprocessing = 0;
		};
		2C3873E41D594E5500524586 /* Frameworks */ = {
			isa = PBXFrameworksBuildPhase;
			buildActionMask = 2147483647;
			files = (
			);
			runOnlyForDeploymentPostprocessing = 0;
		};
/* End PBXFrameworksBuildPhase section */

/* Begin PBXGroup section */
		2C3873BF1D594E5500524586 = {
			isa = PBXGroup;
			children = (
				2C38741D1D5A09A000524586 /* test.sql */,
				2C3873FC1D594FB300524586 /* libsqlite3.0.tbd */,
				2C3873FD1D594FB300524586 /* libsqlite3.tbd */,
				2C3873CA1D594E5500524586 /* IlegraTest */,
				2C3873DF1D594E5500524586 /* IlegraTestTests */,
				2C3873EA1D594E5500524586 /* IlegraTestUITests */,
				2C3873C91D594E5500524586 /* Products */,
			);
			sourceTree = "<group>";
		};
		2C3873C91D594E5500524586 /* Products */ = {
			isa = PBXGroup;
			children = (
				2C3873C81D594E5500524586 /* IlegraTest.app */,
				2C3873DC1D594E5500524586 /* IlegraTestTests.xctest */,
				2C3873E71D594E5500524586 /* IlegraTestUITests.xctest */,
			);
			name = Products;
			sourceTree = "<group>";
		};
		2C3873CA1D594E5500524586 /* IlegraTest */ = {
			isa = PBXGroup;
			children = (
				2C38740C1D59656500524586 /* Model */,
				2C3874061D59564000524586 /* ViewController */,
				2C3873F91D594E6800524586 /* DB */,
				2C3873CB1D594E5500524586 /* AppDelegate.swift */,
				2C3873CF1D594E5500524586 /* Main.storyboard */,
				2C3873D21D594E5500524586 /* Assets.xcassets */,
				2C3873D41D594E5500524586 /* LaunchScreen.storyboard */,
				2C3873D71D594E5500524586 /* Info.plist */,
			);
			path = IlegraTest;
			sourceTree = "<group>";
		};
		2C3873DF1D594E5500524586 /* IlegraTestTests */ = {
			isa = PBXGroup;
			children = (
				2C3873E01D594E5500524586 /* IlegraTestTests.swift */,
				2C3873E21D594E5500524586 /* Info.plist */,
			);
			path = IlegraTestTests;
			sourceTree = "<group>";
		};
		2C3873EA1D594E5500524586 /* IlegraTestUITests */ = {
			isa = PBXGroup;
			children = (
				2C3873EB1D594E5500524586 /* IlegraTestUITests.swift */,
				2C3873ED1D594E5500524586 /* Info.plist */,
			);
			path = IlegraTestUITests;
			sourceTree = "<group>";
		};
		2C3873F91D594E6800524586 /* DB */ = {
			isa = PBXGroup;
			children = (
				2C3874011D59508800524586 /* DBManager.h */,
				2C3874021D59508800524586 /* DBManager.m */,
				2C3874001D59508700524586 /* IlegraTest-Bridging-Header.h */,
			);
			name = DB;
			sourceTree = "<group>";
		};
		2C3874061D59564000524586 /* ViewController */ = {
			isa = PBXGroup;
			children = (
				2C3874091D59592B00524586 /* Cell */,
				2C3874071D59566A00524586 /* TeamsTableViewController.swift */,
				2C38741A1D597DAC00524586 /* PlayersTableViewController.swift */,
			);
			name = ViewController;
			sourceTree = "<group>";
		};
		2C3874091D59592B00524586 /* Cell */ = {
			isa = PBXGroup;
			children = (
				2C38740A1D59594800524586 /* TeamsTableViewCell.swift */,
				2C3874211D5A230D00524586 /* PlayerTableViewCell.swift */,
			);
			name = Cell;
			sourceTree = "<group>";
		};
		2C38740C1D59656500524586 /* Model */ = {
			isa = PBXGroup;
			children = (
				2C3874111D59669E00524586 /* DAO */,
				2C38740F1D59662100524586 /* Team.swift */,
				2C3874141D596F2F00524586 /* Player.swift */,
				2C3874161D596FDA00524586 /* Supporter.swift */,
				2C3874231D5A4E8500524586 /* QueryStatus.swift */,
			);
			name = Model;
			sourceTree = "<group>";
		};
		2C3874111D59669E00524586 /* DAO */ = {
			isa = PBXGroup;
			children = (
				2C38740D1D5965C400524586 /* TeamsDAO.swift */,
				2C3874121D596EE400524586 /* PlayerDAO.swift */,
				2C3874181D597B5200524586 /* SupporterDAO.swift */,
				2C38741F1D5A115600524586 /* DBInitializer.swift */,
			);
			name = DAO;
			sourceTree = "<group>";
		};
/* End PBXGroup section */

/* Begin PBXNativeTarget section */
		2C3873C71D594E5500524586 /* IlegraTest */ = {
			isa = PBXNativeTarget;
			buildConfigurationList = 2C3873F01D594E5500524586 /* Build configuration list for PBXNativeTarget "IlegraTest" */;
			buildPhases = (
				2C3873C41D594E5500524586 /* Sources */,
				2C3873C51D594E5500524586 /* Frameworks */,
				2C3873C61D594E5500524586 /* Resources */,
			);
			buildRules = (
			);
			dependencies = (
			);
			name = IlegraTest;
			productName = IlegraTest;
			productReference = 2C3873C81D594E5500524586 /* IlegraTest.app */;
			productType = "com.apple.product-type.application";
		};
		2C3873DB1D594E5500524586 /* IlegraTestTests */ = {
			isa = PBXNativeTarget;
			buildConfigurationList = 2C3873F31D594E5500524586 /* Build configuration list for PBXNativeTarget "IlegraTestTests" */;
			buildPhases = (
				2C3873D81D594E5500524586 /* Sources */,
				2C3873D91D594E5500524586 /* Frameworks */,
				2C3873DA1D594E5500524586 /* Resources */,
			);
			buildRules = (
			);
			dependencies = (
				2C3873DE1D594E5500524586 /* PBXTargetDependency */,
			);
			name = IlegraTestTests;
			productName = IlegraTestTests;
			productReference = 2C3873DC1D594E5500524586 /* IlegraTestTests.xctest */;
			productType = "com.apple.product-type.bundle.unit-test";
		};
		2C3873E61D594E5500524586 /* IlegraTestUITests */ = {
			isa = PBXNativeTarget;
			buildConfigurationList = 2C3873F61D594E5500524586 /* Build configuration list for PBXNativeTarget "IlegraTestUITests" */;
			buildPhases = (
				2C3873E31D594E5500524586 /* Sources */,
				2C3873E41D594E5500524586 /* Frameworks */,
				2C3873E51D594E5500524586 /* Resources */,
			);
			buildRules = (
			);
			dependencies = (
				2C3873E91D594E5500524586 /* PBXTargetDependency */,
			);
			name = IlegraTestUITests;
			productName = IlegraTestUITests;
			productReference = 2C3873E71D594E5500524586 /* IlegraTestUITests.xctest */;
			productType = "com.apple.product-type.bundle.ui-testing";
		};
/* End PBXNativeTarget section */

/* Begin PBXProject section */
		2C3873C01D594E5500524586 /* Project object */ = {
			isa = PBXProject;
			attributes = {
				LastSwiftUpdateCheck = 0730;
				LastUpgradeCheck = 0730;
				ORGANIZATIONNAME = "Matheus Ruschel";
				TargetAttributes = {
					2C3873C71D594E5500524586 = {
						CreatedOnToolsVersion = 7.3;
					};
					2C3873DB1D594E5500524586 = {
						CreatedOnToolsVersion = 7.3;
						TestTargetID = 2C3873C71D594E5500524586;
					};
					2C3873E61D594E5500524586 = {
						CreatedOnToolsVersion = 7.3;
						TestTargetID = 2C3873C71D594E5500524586;
					};
				};
			};
			buildConfigurationList = 2C3873C31D594E5500524586 /* Build configuration list for PBXProject "IlegraTest" */;
			compatibilityVersion = "Xcode 3.2";
			developmentRegion = English;
			hasScannedForEncodings = 0;
			knownRegions = (
				en,
				Base,
			);
			mainGroup = 2C3873BF1D594E5500524586;
			productRefGroup = 2C3873C91D594E5500524586 /* Products */;
			projectDirPath = "";
			projectRoot = "";
			targets = (
				2C3873C71D594E5500524586 /* IlegraTest */,
				2C3873DB1D594E5500524586 /* IlegraTestTests */,
				2C3873E61D594E5500524586 /* IlegraTestUITests */,
			);
		};
/* End PBXProject section */

/* Begin PBXResourcesBuildPhase section */
		2C3873C61D594E5500524586 /* Resources */ = {
			isa = PBXResourcesBuildPhase;
			buildActionMask = 2147483647;
			files = (
				2C3873D61D594E5500524586 /* LaunchScreen.storyboard in Resources */,
				2C3873D31D594E5500524586 /* Assets.xcassets in Resources */,
				2C38741E1D5A09A000524586 /* test.sql in Resources */,
				2C3873D11D594E5500524586 /* Main.storyboard in Resources */,
			);
			runOnlyForDeploymentPostprocessing = 0;
		};
		2C3873DA1D594E5500524586 /* Resources */ = {
			isa = PBXResourcesBuildPhase;
			buildActionMask = 2147483647;
			files = (
			);
			runOnlyForDeploymentPostprocessing = 0;
		};
		2C3873E51D594E5500524586 /* Resources */ = {
			isa = PBXResourcesBuildPhase;
			buildActionMask = 2147483647;
			files = (
			);
			runOnlyForDeploymentPostprocessing = 0;
		};
/* End PBXResourcesBuildPhase section */

/* Begin PBXSourcesBuildPhase section */
		2C3873C41D594E5500524586 /* Sources */ = {
			isa = PBXSourcesBuildPhase;
			buildActionMask = 2147483647;
			files = (
				2C3874101D59662100524586 /* Team.swift in Sources */,
				2C38740B1D59594800524586 /* TeamsTableViewCell.swift in Sources */,
				2C3874241D5A4E8500524586 /* QueryStatus.swift in Sources */,
				2C3874031D59508800524586 /* DBManager.m in Sources */,
				2C3874191D597B5200524586 /* SupporterDAO.swift in Sources */,
				2C3874201D5A115600524586 /* DBInitializer.swift in Sources */,
				2C38741B1D597DAC00524586 /* PlayersTableViewController.swift in Sources */,
				2C3874221D5A230D00524586 /* PlayerTableViewCell.swift in Sources */,
				2C38740E1D5965C400524586 /* TeamsDAO.swift in Sources */,
				2C3874151D596F2F00524586 /* Player.swift in Sources */,
				2C3874081D59566A00524586 /* TeamsTableViewController.swift in Sources */,
				2C3874131D596EE400524586 /* PlayerDAO.swift in Sources */,
				2C3874171D596FDA00524586 /* Supporter.swift in Sources */,
				2C3873CC1D594E5500524586 /* AppDelegate.swift in Sources */,
			);
			runOnlyForDeploymentPostprocessing = 0;
		};
		2C3873D81D594E5500524586 /* Sources */ = {
			isa = PBXSourcesBuildPhase;
			buildActionMask = 2147483647;
			files = (
				2C3873E11D594E5500524586 /* IlegraTestTests.swift in Sources */,
			);
			runOnlyForDeploymentPostprocessing = 0;
		};
		2C3873E31D594E5500524586 /* Sources */ = {
			isa = PBXSourcesBuildPhase;
			buildActionMask = 2147483647;
			files = (
				2C3873EC1D594E5500524586 /* IlegraTestUITests.swift in Sources */,
			);
			runOnlyForDeploymentPostprocessing = 0;
		};
/* End PBXSourcesBuildPhase section */

/* Begin PBXTargetDependency section */
		2C3873DE1D594E5500524586 /* PBXTargetDependency */ = {
			isa = PBXTargetDependency;
			target = 2C3873C71D594E5500524586 /* IlegraTest */;
			targetProxy = 2C3873DD1D594E5500524586 /* PBXContainerItemProxy */;
		};
		2C3873E91D594E5500524586 /* PBXTargetDependency */ = {
			isa = PBXTargetDependency;
			target = 2C3873C71D594E5500524586 /* IlegraTest */;
			targetProxy = 2C3873E81D594E5500524586 /* PBXContainerItemProxy */;
		};
/* End PBXTargetDependency section */

/* Begin PBXVariantGroup section */
		2C3873CF1D594E5500524586 /* Main.storyboard */ = {
			isa = PBXVariantGroup;
			children = (
				2C3873D01D594E5500524586 /* Base */,
			);
			name = Main.storyboard;
			sourceTree = "<group>";
		};
		2C3873D41D594E5500524586 /* LaunchScreen.storyboard */ = {
			isa = PBXVariantGroup;
			children = (
				2C3873D51D594E5500524586 /* Base */,
			);
			name = LaunchScreen.storyboard;
			sourceTree = "<group>";
		};
/* End PBXVariantGroup section */

/* Begin XCBuildConfiguration section */
		2C3873EE1D594E5500524586 /* Debug */ = {
			isa = XCBuildConfiguration;
			buildSettings = {
				ALWAYS_SEARCH_USER_PATHS = NO;
				CLANG_ANALYZER_NONNULL = YES;
				CLANG_CXX_LANGUAGE_STANDARD = "gnu++0x";
				CLANG_CXX_LIBRARY = "libc++";
				CLANG_ENABLE_MODULES = YES;
				CLANG_ENABLE_OBJC_ARC = YES;
				CLANG_WARN_BOOL_CONVERSION = YES;
				CLANG_WARN_CONSTANT_CONVERSION = YES;
				CLANG_WARN_DIRECT_OBJC_ISA_USAGE = YES_ERROR;
				CLANG_WARN_EMPTY_BODY = YES;
				CLANG_WARN_ENUM_CONVERSION = YES;
				CLANG_WARN_INT_CONVERSION = YES;
				CLANG_WARN_OBJC_ROOT_CLASS = YES_ERROR;
				CLANG_WARN_UNREACHABLE_CODE = YES;
				CLANG_WARN__DUPLICATE_METHOD_MATCH = YES;
				"CODE_SIGN_IDENTITY[sdk=iphoneos*]" = "iPhone Developer";
				COPY_PHASE_STRIP = NO;
				DEBUG_INFORMATION_FORMAT = dwarf;
				ENABLE_STRICT_OBJC_MSGSEND = YES;
				ENABLE_TESTABILITY = YES;
				GCC_C_LANGUAGE_STANDARD = gnu99;
				GCC_DYNAMIC_NO_PIC = NO;
				GCC_NO_COMMON_BLOCKS = YES;
				GCC_OPTIMIZATION_LEVEL = 0;
				GCC_PREPROCESSOR_DEFINITIONS = (
					"DEBUG=1",
					"$(inherited)",
				);
				GCC_WARN_64_TO_32_BIT_CONVERSION = YES;
				GCC_WARN_ABOUT_RETURN_TYPE = YES_ERROR;
				GCC_WARN_UNDECLARED_SELECTOR = YES;
				GCC_WARN_UNINITIALIZED_AUTOS = YES_AGGRESSIVE;
				GCC_WARN_UNUSED_FUNCTION = YES;
				GCC_WARN_UNUSED_VARIABLE = YES;
				IPHONEOS_DEPLOYMENT_TARGET = 9.3;
				MTL_ENABLE_DEBUG_INFO = YES;
				ONLY_ACTIVE_ARCH = YES;
				SDKROOT = iphoneos;
				SWIFT_OPTIMIZATION_LEVEL = "-Onone";
			};
			name = Debug;
		};
		2C3873EF1D594E5500524586 /* Release */ = {
			isa = XCBuildConfiguration;
			buildSettings = {
				ALWAYS_SEARCH_USER_PATHS = NO;
				CLANG_ANALYZER_NONNULL = YES;
				CLANG_CXX_LANGUAGE_STANDARD = "gnu++0x";
				CLANG_CXX_LIBRARY = "libc++";
				CLANG_ENABLE_MODULES = YES;
				CLANG_ENABLE_OBJC_ARC = YES;
				CLANG_WARN_BOOL_CONVERSION = YES;
				CLANG_WARN_CONSTANT_CONVERSION = YES;
				CLANG_WARN_DIRECT_OBJC_ISA_USAGE = YES_ERROR;
				CLANG_WARN_EMPTY_BODY = YES;
				CLANG_WARN_ENUM_CONVERSION = YES;
				CLANG_WARN_INT_CONVERSION = YES;
				CLANG_WARN_OBJC_ROOT_CLASS = YES_ERROR;
				CLANG_WARN_UNREACHABLE_CODE = YES;
				CLANG_WARN__DUPLICATE_METHOD_MATCH = YES;
				"CODE_SIGN_IDENTITY[sdk=iphoneos*]" = "iPhone Developer";
				COPY_PHASE_STRIP = NO;
				DEBUG_INFORMATION_FORMAT = "dwarf-with-dsym";
				ENABLE_NS_ASSERTIONS = NO;
				ENABLE_STRICT_OBJC_MSGSEND = YES;
				GCC_C_LANGUAGE_STANDARD = gnu99;
				GCC_NO_COMMON_BLOCKS = YES;
				GCC_WARN_64_TO_32_BIT_CONVERSION = YES;
				GCC_WARN_ABOUT_RETURN_TYPE = YES_ERROR;
				GCC_WARN_UNDECLARED_SELECTOR = YES;
				GCC_WARN_UNINITIALIZED_AUTOS = YES_AGGRESSIVE;
				GCC_WARN_UNUSED_FUNCTION = YES;
				GCC_WARN_UNUSED_VARIABLE = YES;
				IPHONEOS_DEPLOYMENT_TARGET = 9.3;
				MTL_ENABLE_DEBUG_INFO = NO;
				SDKROOT = iphoneos;
				VALIDATE_PRODUCT = YES;
			};
			name = Release;
		};
		2C3873F11D594E5500524586 /* Debug */ = {
			isa = XCBuildConfiguration;
			buildSettings = {
				ASSETCATALOG_COMPILER_APPICON_NAME = AppIcon;
				CLANG_ENABLE_MODULES = YES;
				INFOPLIST_FILE = IlegraTest/Info.plist;
				LD_RUNPATH_SEARCH_PATHS = "$(inherited) @executable_path/Frameworks";
				PRODUCT_BUNDLE_IDENTIFIER = com.matheus.tasks.IlegraTest;
				PRODUCT_NAME = "$(TARGET_NAME)";
				SWIFT_OBJC_BRIDGING_HEADER = "IlegraTest/IlegraTest-Bridging-Header.h";
				SWIFT_OPTIMIZATION_LEVEL = "-Onone";
			};
			name = Debug;
		};
		2C3873F21D594E5500524586 /* Release */ = {
			isa = XCBuildConfiguration;
			buildSettings = {
				ASSETCATALOG_COMPILER_APPICON_NAME = AppIcon;
				CLANG_ENABLE_MODULES = YES;
				INFOPLIST_FILE = IlegraTest/Info.plist;
				LD_RUNPATH_SEARCH_PATHS = "$(inherited) @executable_path/Frameworks";
				PRODUCT_BUNDLE_IDENTIFIER = com.matheus.tasks.IlegraTest;
				PRODUCT_NAME = "$(TARGET_NAME)";
				SWIFT_OBJC_BRIDGING_HEADER = "IlegraTest/IlegraTest-Bridging-Header.h";
			};
			name = Release;
		};
		2C3873F41D594E5500524586 /* Debug */ = {
			isa = XCBuildConfiguration;
			buildSettings = {
				BUNDLE_LOADER = "$(TEST_HOST)";
				INFOPLIST_FILE = IlegraTestTests/Info.plist;
				LD_RUNPATH_SEARCH_PATHS = "$(inherited) @executable_path/Frameworks @loader_path/Frameworks";
				PRODUCT_BUNDLE_IDENTIFIER = com.matheus.tasks.IlegraTestTests;
				PRODUCT_NAME = "$(TARGET_NAME)";
				TEST_HOST = "$(BUILT_PRODUCTS_DIR)/IlegraTest.app/IlegraTest";
			};
			name = Debug;
		};
		2C3873F51D594E5500524586 /* Release */ = {
			isa = XCBuildConfiguration;
			buildSettings = {
				BUNDLE_LOADER = "$(TEST_HOST)";
				INFOPLIST_FILE = IlegraTestTests/Info.plist;
				LD_RUNPATH_SEARCH_PATHS = "$(inherited) @executable_path/Frameworks @loader_path/Frameworks";
				PRODUCT_BUNDLE_IDENTIFIER = com.matheus.tasks.IlegraTestTests;
				PRODUCT_NAME = "$(TARGET_NAME)";
				TEST_HOST = "$(BUILT_PRODUCTS_DIR)/IlegraTest.app/IlegraTest";
			};
			name = Release;
		};
		2C3873F71D594E5500524586 /* Debug */ = {
			isa = XCBuildConfiguration;
			buildSettings = {
				INFOPLIST_FILE = IlegraTestUITests/Info.plist;
				LD_RUNPATH_SEARCH_PATHS = "$(inherited) @executable_path/Frameworks @loader_path/Frameworks";
				PRODUCT_BUNDLE_IDENTIFIER = com.matheus.tasks.IlegraTestUITests;
				PRODUCT_NAME = "$(TARGET_NAME)";
				TEST_TARGET_NAME = IlegraTest;
			};
			name = Debug;
		};
		2C3873F81D594E5500524586 /* Release */ = {
			isa = XCBuildConfiguration;
			buildSettings = {
				INFOPLIST_FILE = IlegraTestUITests/Info.plist;
				LD_RUNPATH_SEARCH_PATHS = "$(inherited) @executable_path/Frameworks @loader_path/Frameworks";
				PRODUCT_BUNDLE_IDENTIFIER = com.matheus.tasks.IlegraTestUITests;
				PRODUCT_NAME = "$(TARGET_NAME)";
				TEST_TARGET_NAME = IlegraTest;
			};
			name = Release;
		};
/* End XCBuildConfiguration section */

/* Begin XCConfigurationList section */
		2C3873C31D594E5500524586 /* Build configuration list for PBXProject "IlegraTest" */ = {
			isa = XCConfigurationList;
			buildConfigurations = (
				2C3873EE1D594E5500524586 /* Debug */,
				2C3873EF1D594E5500524586 /* Release */,
			);
			defaultConfigurationIsVisible = 0;
			defaultConfigurationName = Release;
		};
		2C3873F01D594E5500524586 /* Build configuration list for PBXNativeTarget "IlegraTest" */ = {
			isa = XCConfigurationList;
			buildConfigurations = (
				2C3873F11D594E5500524586 /* Debug */,
				2C3873F21D594E5500524586 /* Release */,
			);
			defaultConfigurationIsVisible = 0;
		};
		2C3873F31D594E5500524586 /* Build configuration list for PBXNativeTarget "IlegraTestTests" */ = {
			isa = XCConfigurationList;
			buildConfigurations = (
				2C3873F41D594E5500524586 /* Debug */,
				2C3873F51D594E5500524586 /* Release */,
			);
			defaultConfigurationIsVisible = 0;
		};
		2C3873F61D594E5500524586 /* Build configuration list for PBXNativeTarget "IlegraTestUITests" */ = {
			isa = XCConfigurationList;
			buildConfigurations = (
				2C3873F71D594E5500524586 /* Debug */,
				2C3873F81D594E5500524586 /* Release */,
			);
			defaultConfigurationIsVisible = 0;
		};
/* End XCConfigurationList section */
	};
	rootObject = 2C3873C01D594E5500524586 /* Project object */;
}
